
Microsoft Visual Studio Solution File, Format Version 12.00
Project("{FAE04EC0-301F-11D3-BF4B-00C04F79EFBC}") = "FootballData", "FootballData\FootballData.csproj", "{3AA99301-B199-45A0-9BAF-8A01FA6BF73F}"
EndProject
Global
	GlobalSection(SolutionConfigurationPlatforms) = preSolution
		Debug|Any CPU = Debug|Any CPU
		Release|Any CPU = Release|Any CPU
	EndGlobalSection
	GlobalSection(ProjectConfigurationPlatforms) = postSolution
		{3AA99301-B199-45A0-9BAF-8A01FA6BF73F}.Debug|Any CPU.ActiveCfg = Debug|Any CPU
		{3AA99301-B199-45A0-9BAF-8A01FA6BF73F}.Debug|Any CPU.Build.0 = Debug|Any CPU
		{3AA99301-B199-45A0-9BAF-8A01FA6BF73F}.Release|Any CPU.ActiveCfg = Release|Any CPU
		{3AA99301-B199-45A0-9BAF-8A01FA6BF73F}.Release|Any CPU.Build.0 = Release|Any CPU
	EndGlobalSection
EndGlobal
